
Microsoft Visual Studio Solution File, Format Version 12.00
# Visual Studio Version 16
VisualStudioVersion = 16.0.30204.135
MinimumVisualStudioVersion = 10.0.40219.1
Project("{FAE04EC0-301F-11D3-BF4B-00C04F79EFBC}") = "ContosoUniversity", "ContosoUniversity.csproj", "{E73A21F7-FF46-4656-AD7D-4B157719CBAF}"
EndProject
Global
	GlobalSection(SolutionConfigurationPlatforms) = preSolution
		Debug|Any CPU = Debug|Any CPU
		Release|Any CPU = Release|Any CPU
	EndGlobalSection
	GlobalSection(ProjectConfigurationPlatforms) = postSolution
		{E73A21F7-FF46-4656-AD7D-4B157719CBAF}.Debug|Any CPU.ActiveCfg = Debug|Any CPU
		{E73A21F7-FF46-4656-AD7D-4B157719CBAF}.Debug|Any CPU.Build.0 = Debug|Any CPU
		{E73A21F7-FF46-4656-AD7D-4B157719CBAF}.Release|Any CPU.ActiveCfg = Release|Any CPU
		{E73A21F7-FF46-4656-AD7D-4B157719CBAF}.Release|Any CPU.Build.0 = Release|Any CPU
	EndGlobalSection
	GlobalSection(SolutionProperties) = preSolution
		HideSolutionNode = FALSE
	EndGlobalSection
	GlobalSection(ExtensibilityGlobals) = postSolution
		SolutionGuid = {B79C2FB8-0E10-4E9F-87C3-77EF4B428D28}
	EndGlobalSection
EndGlobal
